
Microsoft Visual Studio Solution File, Format Version 12.00
# Visual Studio Version 17
VisualStudioVersion = 17.3.32929.385
MinimumVisualStudioVersion = 10.0.40219.1
Project("{FAE04EC0-301F-11D3-BF4B-00C04F79EFBC}") = "App", "App\App.csproj", "{4CF16FBC-EEC0-4130-8DCD-7E706049CFF7}"
EndProject
Project("{9A19103F-16F7-4668-BE54-9A1E7A4F7556}") = "Util", "Util\Util.csproj", "{53E4EC6E-58F6-4125-8F54-DEF2E42DAA9B}"
EndProject
Project("{9A19103F-16F7-4668-BE54-9A1E7A4F7556}") = "Repo", "Repo\Repo.csproj", "{51837914-611F-4986-B9F9-8EEA813C6D9D}"
EndProject
Project("{9A19103F-16F7-4668-BE54-9A1E7A4F7556}") = "Domain", "Domain\Domain.csproj", "{50995F49-2B0E-4521-A703-FFA6A97A42BC}"
EndProject
Global
	GlobalSection(SolutionConfigurationPlatforms) = preSolution
		Debug|Any CPU = Debug|Any CPU
		Release|Any CPU = Release|Any CPU
	EndGlobalSection
	GlobalSection(ProjectConfigurationPlatforms) = postSolution
		{4CF16FBC-EEC0-4130-8DCD-7E706049CFF7}.Debug|Any CPU.ActiveCfg = Debug|Any CPU
		{4CF16FBC-EEC0-4130-8DCD-7E706049CFF7}.Debug|Any CPU.Build.0 = Debug|Any CPU
		{4CF16FBC-EEC0-4130-8DCD-7E706049CFF7}.Release|Any CPU.ActiveCfg = Release|Any CPU
		{4CF16FBC-EEC0-4130-8DCD-7E706049CFF7}.Release|Any CPU.Build.0 = Release|Any CPU
		{53E4EC6E-58F6-4125-8F54-DEF2E42DAA9B}.Debug|Any CPU.ActiveCfg = Debug|Any CPU
		{53E4EC6E-58F6-4125-8F54-DEF2E42DAA9B}.Debug|Any CPU.Build.0 = Debug|Any CPU
		{53E4EC6E-58F6-4125-8F54-DEF2E42DAA9B}.Release|Any CPU.ActiveCfg = Release|Any CPU
		{53E4EC6E-58F6-4125-8F54-DEF2E42DAA9B}.Release|Any CPU.Build.0 = Release|Any CPU
		{51837914-611F-4986-B9F9-8EEA813C6D9D}.Debug|Any CPU.ActiveCfg = Debug|Any CPU
		{51837914-611F-4986-B9F9-8EEA813C6D9D}.Debug|Any CPU.Build.0 = Debug|Any CPU
		{51837914-611F-4986-B9F9-8EEA813C6D9D}.Release|Any CPU.ActiveCfg = Release|Any CPU
		{51837914-611F-4986-B9F9-8EEA813C6D9D}.Release|Any CPU.Build.0 = Release|Any CPU
		{50995F49-2B0E-4521-A703-FFA6A97A42BC}.Debug|Any CPU.ActiveCfg = Debug|Any CPU
		{50995F49-2B0E-4521-A703-FFA6A97A42BC}.Debug|Any CPU.Build.0 = Debug|Any CPU
		{50995F49-2B0E-4521-A703-FFA6A97A42BC}.Release|Any CPU.ActiveCfg = Release|Any CPU
		{50995F49-2B0E-4521-A703-FFA6A97A42BC}.Release|Any CPU.Build.0 = Release|Any CPU
	EndGlobalSection
	GlobalSection(SolutionProperties) = preSolution
		HideSolutionNode = FALSE
	EndGlobalSection
	GlobalSection(ExtensibilityGlobals) = postSolution
		SolutionGuid = {7A93ADAF-6B40-4BD6-9172-97725A0C816F}
	EndGlobalSection
EndGlobal
